{
  "version": 4,
  "terraform_version": "0.12.4",
  "serial": 9,
  "lineage": "7f24d5c8-fec4-2a7c-636a-b3f0a5abeffd",
  "outputs": {},
  "resources": [
    {
      "mode": "data",
      "type": "azurerm_storage_account",
      "name": "ignitions",
      "provider": "provider.azurerm",
      "instances": [
        {
          "schema_version": 0,
          "attributes": {
            "access_tier": "",
            "account_encryption_source": "Microsoft.Storage",
            "account_kind": "Storage",
            "account_replication_type": "LRS",
            "account_tier": "Standard",
            "custom_domain": null,
            "enable_blob_encryption": true,
            "enable_file_encryption": true,
            "enable_https_traffic_only": false,
            "id": "/subscriptions/fe06c08b-45f4-492f-ae5e-f6760d480a86/resourceGroups/ocp-4n87b-rg/providers/Microsoft.Storage/storageAccounts/ignition4n87b",
            "is_hns_enabled": false,
            "location": "uksouth",
            "name": "ignition4n87b",
            "primary_access_key": "VcL9MkB/9r+fnzwQ5A3rbMoDYVsNtOzHPEa2TL2XOQF+t9Kd1HqNHwP/80P76PXZ5FVvCgJTA0HK9+b1x1mUNQ==",
            "primary_blob_connection_string": "DefaultEndpointsProtocol=https;BlobEndpoint=https://ignition4n87b.blob.core.windows.net/;AccountName=ignition4n87b;AccountKey=VcL9MkB/9r+fnzwQ5A3rbMoDYVsNtOzHPEa2TL2XOQF+t9Kd1HqNHwP/80P76PXZ5FVvCgJTA0HK9+b1x1mUNQ==",
            "primary_blob_endpoint": "https://ignition4n87b.blob.core.windows.net/",
            "primary_blob_host": "ignition4n87b.blob.core.windows.net",
            "primary_connection_string": "DefaultEndpointsProtocol=https;AccountName=ignition4n87b;AccountKey=VcL9MkB/9r+fnzwQ5A3rbMoDYVsNtOzHPEa2TL2XOQF+t9Kd1HqNHwP/80P76PXZ5FVvCgJTA0HK9+b1x1mUNQ==;EndpointSuffix=core.windows.net",
            "primary_dfs_endpoint": "",
            "primary_dfs_host": "",
            "primary_file_endpoint": "https://ignition4n87b.file.core.windows.net/",
            "primary_file_host": "ignition4n87b.file.core.windows.net",
            "primary_location": "uksouth",
            "primary_queue_endpoint": "https://ignition4n87b.queue.core.windows.net/",
            "primary_queue_host": "ignition4n87b.queue.core.windows.net",
            "primary_table_endpoint": "https://ignition4n87b.table.core.windows.net/",
            "primary_table_host": "ignition4n87b.table.core.windows.net",
            "primary_web_endpoint": "",
            "primary_web_host": "",
            "resource_group_name": "ocp-4n87b-rg",
            "secondary_access_key": "PO8LA3jLSYZeZJ87sDUsZ6uCYtUlwleF8wzbQgjIlG0A+yDvpN1zCAljtM3kHkXHbGiOyG2LUaJwymRAomgpxQ==",
            "secondary_blob_connection_string": "",
            "secondary_blob_endpoint": null,
            "secondary_blob_host": null,
            "secondary_connection_string": "DefaultEndpointsProtocol=https;AccountName=ignition4n87b;AccountKey=PO8LA3jLSYZeZJ87sDUsZ6uCYtUlwleF8wzbQgjIlG0A+yDvpN1zCAljtM3kHkXHbGiOyG2LUaJwymRAomgpxQ==;EndpointSuffix=core.windows.net",
            "secondary_dfs_endpoint": null,
            "secondary_dfs_host": null,
            "secondary_file_endpoint": null,
            "secondary_file_host": null,
            "secondary_location": "",
            "secondary_queue_endpoint": null,
            "secondary_queue_host": null,
            "secondary_table_endpoint": null,
            "secondary_table_host": null,
            "secondary_web_endpoint": null,
            "secondary_web_host": null,
            "tags": {}
          }
        }
      ]
    },
    {
      "mode": "data",
      "type": "azurerm_storage_account_sas",
      "name": "ignitions",
      "provider": "provider.azurerm",
      "instances": [
        {
          "schema_version": 0,
          "attributes": {
            "connection_string": "DefaultEndpointsProtocol=https;AccountName=ignition4n87b;AccountKey=VcL9MkB/9r+fnzwQ5A3rbMoDYVsNtOzHPEa2TL2XOQF+t9Kd1HqNHwP/80P76PXZ5FVvCgJTA0HK9+b1x1mUNQ==;EndpointSuffix=core.windows.net",
            "expiry": "2019-09-03T14:26:10Z",
            "https_only": true,
            "id": "16e45e90382ebedc05c20d912531edb96f50584f5308a2322254a9d7f4bdfb78",
            "permissions": [
              {
                "add": false,
                "create": false,
                "delete": false,
                "list": true,
                "process": false,
                "read": true,
                "update": false,
                "write": false
              }
            ],
            "resource_types": [
              {
                "container": false,
                "object": true,
                "service": false
              }
            ],
            "sas": "?sv=2017-07-29\u0026ss=b\u0026srt=o\u0026sp=rl\u0026se=2019-09-03T14:26:10Z\u0026st=2019-09-02T14:26:10Z\u0026spr=https\u0026sig=x17F7agC4H%2FG2Gc5cOtDlmn0gZZAZy1drmpP45%2B%2F4ZQ%3D",
            "services": [
              {
                "blob": true,
                "file": false,
                "queue": false,
                "table": false
              }
            ],
            "start": "2019-09-02T14:26:10Z"
          },
          "depends_on": [
            "data.azurerm_storage_account.ignitions"
          ]
        }
      ]
    },
    {
      "mode": "data",
      "type": "azurerm_subscription",
      "name": "current",
      "provider": "provider.azurerm",
      "instances": [
        {
          "schema_version": 0,
          "attributes": {
            "display_name": "Pay-As-You-Go",
            "id": "/subscriptions/fe06c08b-45f4-492f-ae5e-f6760d480a86",
            "location_placement_id": "Public_2014-09-01",
            "quota_id": "PayAsYouGo_2014-09-01",
            "spending_limit": "Off",
            "state": "Enabled",
            "subscription_id": "fe06c08b-45f4-492f-ae5e-f6760d480a86",
            "tenant_id": "814da138-3b02-4799-83e2-f2b8a8cd0140"
          }
        }
      ]
    },
    {
      "mode": "data",
      "type": "ignition_config",
      "name": "redirect",
      "provider": "provider.ignition",
      "instances": [
        {
          "schema_version": 0,
          "attributes": {
            "append": null,
            "arrays": null,
            "directories": null,
            "disks": null,
            "files": null,
            "filesystems": null,
            "groups": null,
            "id": "682eaa8302cbea0de60c369f1aae62f2f78d32f8672d0538ec3ce216b83fb518",
            "links": null,
            "networkd": null,
            "rendered": "{\"ignition\":{\"config\":{\"replace\":{\"source\":\"https://ignition4n87b.blob.core.windows.net/ignition/worker.ign?sv=2017-07-29\\u0026ss=b\\u0026srt=o\\u0026sp=rl\\u0026se=2019-09-03T14:26:10Z\\u0026st=2019-09-02T14:26:10Z\\u0026spr=https\\u0026sig=x17F7agC4H%2FG2Gc5cOtDlmn0gZZAZy1drmpP45%2B%2F4ZQ%3D\",\"verification\":{}}},\"timeouts\":{},\"version\":\"2.1.0\"},\"networkd\":{},\"passwd\":{},\"storage\":{},\"systemd\":{}}",
            "replace": [
              {
                "source": "https://ignition4n87b.blob.core.windows.net/ignition/worker.ign?sv=2017-07-29\u0026ss=b\u0026srt=o\u0026sp=rl\u0026se=2019-09-03T14:26:10Z\u0026st=2019-09-02T14:26:10Z\u0026spr=https\u0026sig=x17F7agC4H%2FG2Gc5cOtDlmn0gZZAZy1drmpP45%2B%2F4ZQ%3D",
                "verification": ""
              }
            ],
            "systemd": null,
            "users": null
          },
          "depends_on": [
            "data.azurerm_storage_account.ignitions",
            "data.azurerm_storage_account_sas.ignitions"
          ]
        }
      ]
    },
    {
      "mode": "managed",
      "type": "azurerm_network_interface",
      "name": "worker",
      "each": "list",
      "provider": "provider.azurerm",
      "instances": [
        {
          "index_key": 0,
          "schema_version": 0,
          "attributes": {
            "applied_dns_servers": [],
            "dns_servers": [],
            "enable_accelerated_networking": false,
            "enable_ip_forwarding": false,
            "id": "/subscriptions/fe06c08b-45f4-492f-ae5e-f6760d480a86/resourceGroups/ocp-4n87b-rg/providers/Microsoft.Network/networkInterfaces/ocp-4n87b-worker0-nic",
            "internal_dns_name_label": "",
            "internal_fqdn": "",
            "ip_configuration": [
              {
                "application_gateway_backend_address_pools_ids": [],
                "application_security_group_ids": [],
                "load_balancer_backend_address_pools_ids": [],
                "load_balancer_inbound_nat_rules_ids": [],
                "name": "pipConfig",
                "primary": true,
                "private_ip_address": "",
                "private_ip_address_allocation": "dynamic",
                "private_ip_address_version": "IPv4",
                "public_ip_address_id": "",
                "subnet_id": "/subscriptions/fe06c08b-45f4-492f-ae5e-f6760d480a86/resourceGroups/ocp-4n87b-rg/providers/Microsoft.Network/virtualNetworks/ocp-4n87b-vnet/subnets/ocp-4n87b-worker-subnet"
              }
            ],
            "location": "uksouth",
            "mac_address": "",
            "name": "ocp-4n87b-worker0-nic",
            "network_security_group_id": "",
            "private_ip_address": "10.1.0.36",
            "private_ip_addresses": [
              "10.1.0.36"
            ],
            "resource_group_name": "ocp-4n87b-rg",
            "tags": {},
            "virtual_machine_id": null
          },
          "private": "bnVsbA==",
          "depends_on": [
            "data.azurerm_subscription.current"
          ]
        },
        {
          "index_key": 1,
          "schema_version": 0,
          "attributes": {
            "applied_dns_servers": [],
            "dns_servers": [],
            "enable_accelerated_networking": false,
            "enable_ip_forwarding": false,
            "id": "/subscriptions/fe06c08b-45f4-492f-ae5e-f6760d480a86/resourceGroups/ocp-4n87b-rg/providers/Microsoft.Network/networkInterfaces/ocp-4n87b-worker1-nic",
            "internal_dns_name_label": "",
            "internal_fqdn": "",
            "ip_configuration": [
              {
                "application_gateway_backend_address_pools_ids": [],
                "application_security_group_ids": [],
                "load_balancer_backend_address_pools_ids": [],
                "load_balancer_inbound_nat_rules_ids": [],
                "name": "pipConfig",
                "primary": true,
                "private_ip_address": "",
                "private_ip_address_allocation": "dynamic",
                "private_ip_address_version": "IPv4",
                "public_ip_address_id": "",
                "subnet_id": "/subscriptions/fe06c08b-45f4-492f-ae5e-f6760d480a86/resourceGroups/ocp-4n87b-rg/providers/Microsoft.Network/virtualNetworks/ocp-4n87b-vnet/subnets/ocp-4n87b-worker-subnet"
              }
            ],
            "location": "uksouth",
            "mac_address": "",
            "name": "ocp-4n87b-worker1-nic",
            "network_security_group_id": "",
            "private_ip_address": "10.1.0.37",
            "private_ip_addresses": [
              "10.1.0.37"
            ],
            "resource_group_name": "ocp-4n87b-rg",
            "tags": {},
            "virtual_machine_id": null
          },
          "private": "bnVsbA==",
          "depends_on": [
            "data.azurerm_subscription.current"
          ]
        }
      ]
    },
    {
      "mode": "managed",
      "type": "azurerm_network_interface_backend_address_pool_association",
      "name": "worker",
      "each": "list",
      "provider": "provider.azurerm",
      "instances": [
        {
          "index_key": 0,
          "schema_version": 0,
          "attributes": {
            "backend_address_pool_id": "/subscriptions/fe06c08b-45f4-492f-ae5e-f6760d480a86/resourceGroups/ocp-4n87b-rg/providers/Microsoft.Network/loadBalancers/ocp-4n87b-internal-lb/backendAddressPools/ocp-4n87b-internal-routers",
            "id": "/subscriptions/fe06c08b-45f4-492f-ae5e-f6760d480a86/resourceGroups/ocp-4n87b-rg/providers/Microsoft.Network/networkInterfaces/ocp-4n87b-worker0-nic/ipConfigurations/pipConfig|/subscriptions/fe06c08b-45f4-492f-ae5e-f6760d480a86/resourceGroups/ocp-4n87b-rg/providers/Microsoft.Network/loadBalancers/ocp-4n87b-internal-lb/backendAddressPools/ocp-4n87b-internal-routers",
            "ip_configuration_name": "pipConfig",
            "network_interface_id": "/subscriptions/fe06c08b-45f4-492f-ae5e-f6760d480a86/resourceGroups/ocp-4n87b-rg/providers/Microsoft.Network/networkInterfaces/ocp-4n87b-worker0-nic"
          },
          "private": "bnVsbA==",
          "depends_on": [
            "azurerm_network_interface.worker",
            "data.azurerm_subscription.current"
          ]
        },
        {
          "index_key": 1,
          "schema_version": 0,
          "attributes": {
            "backend_address_pool_id": "/subscriptions/fe06c08b-45f4-492f-ae5e-f6760d480a86/resourceGroups/ocp-4n87b-rg/providers/Microsoft.Network/loadBalancers/ocp-4n87b-internal-lb/backendAddressPools/ocp-4n87b-internal-routers",
            "id": "/subscriptions/fe06c08b-45f4-492f-ae5e-f6760d480a86/resourceGroups/ocp-4n87b-rg/providers/Microsoft.Network/networkInterfaces/ocp-4n87b-worker1-nic/ipConfigurations/pipConfig|/subscriptions/fe06c08b-45f4-492f-ae5e-f6760d480a86/resourceGroups/ocp-4n87b-rg/providers/Microsoft.Network/loadBalancers/ocp-4n87b-internal-lb/backendAddressPools/ocp-4n87b-internal-routers",
            "ip_configuration_name": "pipConfig",
            "network_interface_id": "/subscriptions/fe06c08b-45f4-492f-ae5e-f6760d480a86/resourceGroups/ocp-4n87b-rg/providers/Microsoft.Network/networkInterfaces/ocp-4n87b-worker1-nic"
          },
          "private": "bnVsbA==",
          "depends_on": [
            "azurerm_network_interface.worker",
            "data.azurerm_subscription.current"
          ]
        }
      ]
    },
    {
      "mode": "managed",
      "type": "azurerm_virtual_machine",
      "name": "worker",
      "each": "list",
      "provider": "provider.azurerm",
      "instances": [
        {
          "index_key": 0,
          "schema_version": 0,
          "attributes": {
            "availability_set_id": null,
            "boot_diagnostics": [
              {
                "enabled": true,
                "storage_uri": "https://bootdiag4n87b.blob.core.windows.net/"
              }
            ],
            "delete_data_disks_on_termination": false,
            "delete_os_disk_on_termination": false,
            "id": "/subscriptions/fe06c08b-45f4-492f-ae5e-f6760d480a86/resourceGroups/ocp-4n87b-rg/providers/Microsoft.Compute/virtualMachines/ocp-4n87b-worker-0",
            "identity": [
              {
                "identity_ids": [
                  "/subscriptions/fe06c08b-45f4-492f-ae5e-f6760d480a86/resourcegroups/ocp-4n87b-rg/providers/Microsoft.ManagedIdentity/userAssignedIdentities/identity4n87b"
                ],
                "principal_id": "",
                "type": "UserAssigned"
              }
            ],
            "license_type": null,
            "location": "uksouth",
            "name": "ocp-4n87b-worker-0",
            "network_interface_ids": [
              "/subscriptions/fe06c08b-45f4-492f-ae5e-f6760d480a86/resourceGroups/ocp-4n87b-rg/providers/Microsoft.Network/networkInterfaces/ocp-4n87b-worker0-nic"
            ],
            "os_profile": [
              {
                "admin_password": "NotActuallyApplied!",
                "admin_username": "core",
                "computer_name": "ocp-4n87b-worker-0",
                "custom_data": "00a1f5f7c1e5f95bf6db9fc25ed59ce699674c1e"
              }
            ],
            "os_profile_linux_config": [
              {
                "disable_password_authentication": false,
                "ssh_keys": []
              }
            ],
            "os_profile_secrets": [],
            "os_profile_windows_config": [],
            "plan": [],
            "primary_network_interface_id": null,
            "resource_group_name": "ocp-4n87b-rg",
            "storage_data_disk": [],
            "storage_image_reference": [
              {
                "id": "/subscriptions/fe06c08b-45f4-492f-ae5e-f6760d480a86/resourceGroups/rhcos_images/providers/Microsoft.Compute/images/rhcostestimage",
                "offer": "",
                "publisher": "",
                "sku": "",
                "version": ""
              }
            ],
            "storage_os_disk": [
              {
                "caching": "ReadWrite",
                "create_option": "FromImage",
                "disk_size_gb": 64,
                "image_uri": "",
                "managed_disk_id": "/subscriptions/fe06c08b-45f4-492f-ae5e-f6760d480a86/resourceGroups/ocp-4n87b-rg/providers/Microsoft.Compute/disks/ocp-4n87b-worker-0_OSDisk",
                "managed_disk_type": "Premium_LRS",
                "name": "ocp-4n87b-worker-0_OSDisk",
                "os_type": "Linux",
                "vhd_uri": "",
                "write_accelerator_enabled": false
              }
            ],
            "tags": {
              "openshift": "compute"
            },
            "vm_size": "Standard_D2s_v3",
            "zones": [
              "1"
            ]
          },
          "private": "bnVsbA==",
          "depends_on": [
            "azurerm_network_interface.worker",
            "data.azurerm_subscription.current",
            "data.ignition_config.redirect"
          ]
        },
        {
          "index_key": 1,
          "schema_version": 0,
          "attributes": {
            "availability_set_id": null,
            "boot_diagnostics": [
              {
                "enabled": true,
                "storage_uri": "https://bootdiag4n87b.blob.core.windows.net/"
              }
            ],
            "delete_data_disks_on_termination": false,
            "delete_os_disk_on_termination": false,
            "id": "/subscriptions/fe06c08b-45f4-492f-ae5e-f6760d480a86/resourceGroups/ocp-4n87b-rg/providers/Microsoft.Compute/virtualMachines/ocp-4n87b-worker-1",
            "identity": [
              {
                "identity_ids": [
                  "/subscriptions/fe06c08b-45f4-492f-ae5e-f6760d480a86/resourcegroups/ocp-4n87b-rg/providers/Microsoft.ManagedIdentity/userAssignedIdentities/identity4n87b"
                ],
                "principal_id": "",
                "type": "UserAssigned"
              }
            ],
            "license_type": null,
            "location": "uksouth",
            "name": "ocp-4n87b-worker-1",
            "network_interface_ids": [
              "/subscriptions/fe06c08b-45f4-492f-ae5e-f6760d480a86/resourceGroups/ocp-4n87b-rg/providers/Microsoft.Network/networkInterfaces/ocp-4n87b-worker1-nic"
            ],
            "os_profile": [
              {
                "admin_password": "NotActuallyApplied!",
                "admin_username": "core",
                "computer_name": "ocp-4n87b-worker-1",
                "custom_data": "00a1f5f7c1e5f95bf6db9fc25ed59ce699674c1e"
              }
            ],
            "os_profile_linux_config": [
              {
                "disable_password_authentication": false,
                "ssh_keys": []
              }
            ],
            "os_profile_secrets": [],
            "os_profile_windows_config": [],
            "plan": [],
            "primary_network_interface_id": null,
            "resource_group_name": "ocp-4n87b-rg",
            "storage_data_disk": [],
            "storage_image_reference": [
              {
                "id": "/subscriptions/fe06c08b-45f4-492f-ae5e-f6760d480a86/resourceGroups/rhcos_images/providers/Microsoft.Compute/images/rhcostestimage",
                "offer": "",
                "publisher": "",
                "sku": "",
                "version": ""
              }
            ],
            "storage_os_disk": [
              {
                "caching": "ReadWrite",
                "create_option": "FromImage",
                "disk_size_gb": 64,
                "image_uri": "",
                "managed_disk_id": "/subscriptions/fe06c08b-45f4-492f-ae5e-f6760d480a86/resourceGroups/ocp-4n87b-rg/providers/Microsoft.Compute/disks/ocp-4n87b-worker-1_OSDisk",
                "managed_disk_type": "Premium_LRS",
                "name": "ocp-4n87b-worker-1_OSDisk",
                "os_type": "Linux",
                "vhd_uri": "",
                "write_accelerator_enabled": false
              }
            ],
            "tags": {
              "openshift": "compute"
            },
            "vm_size": "Standard_D2s_v3",
            "zones": [
              "2"
            ]
          },
          "private": "bnVsbA==",
          "depends_on": [
            "azurerm_network_interface.worker",
            "data.azurerm_subscription.current",
            "data.ignition_config.redirect"
          ]
        }
      ]
    }
  ]
}
